
Microsoft Visual Studio Solution File, Format Version 12.00
# Visual Studio Version 16
VisualStudioVersion = 16.0.30413.136
MinimumVisualStudioVersion = 10.0.40219.1
Project("{9A19103F-16F7-4668-BE54-9A1E7A4F7556}") = "author-linq-api-UI", "author-linq-api-UI\author-linq-api-UI.csproj", "{3446F89C-26BE-412D-B8C8-EC8A767F0CF8}"
EndProject
Project("{9A19103F-16F7-4668-BE54-9A1E7A4F7556}") = "author-linq-api-ClassLib", "author-linq-api-ClassLib\author-linq-api-ClassLib.csproj", "{D097798A-50D9-413F-814B-35A2CB30BDDA}"
EndProject
Project("{FAE04EC0-301F-11D3-BF4B-00C04F79EFBC}") = "author-linq-api-ClassLibTests", "author-linq-api-ClassLibTests\author-linq-api-ClassLibTests.csproj", "{CCE5CD1E-C0D4-4B08-B715-CD7120C18272}"
EndProject
Global
	GlobalSection(SolutionConfigurationPlatforms) = preSolution
		Debug|Any CPU = Debug|Any CPU
		Release|Any CPU = Release|Any CPU
	EndGlobalSection
	GlobalSection(ProjectConfigurationPlatforms) = postSolution
		{3446F89C-26BE-412D-B8C8-EC8A767F0CF8}.Debug|Any CPU.ActiveCfg = Debug|Any CPU
		{3446F89C-26BE-412D-B8C8-EC8A767F0CF8}.Debug|Any CPU.Build.0 = Debug|Any CPU
		{3446F89C-26BE-412D-B8C8-EC8A767F0CF8}.Release|Any CPU.ActiveCfg = Release|Any CPU
		{3446F89C-26BE-412D-B8C8-EC8A767F0CF8}.Release|Any CPU.Build.0 = Release|Any CPU
		{D097798A-50D9-413F-814B-35A2CB30BDDA}.Debug|Any CPU.ActiveCfg = Debug|Any CPU
		{D097798A-50D9-413F-814B-35A2CB30BDDA}.Debug|Any CPU.Build.0 = Debug|Any CPU
		{D097798A-50D9-413F-814B-35A2CB30BDDA}.Release|Any CPU.ActiveCfg = Release|Any CPU
		{D097798A-50D9-413F-814B-35A2CB30BDDA}.Release|Any CPU.Build.0 = Release|Any CPU
		{CCE5CD1E-C0D4-4B08-B715-CD7120C18272}.Debug|Any CPU.ActiveCfg = Debug|Any CPU
		{CCE5CD1E-C0D4-4B08-B715-CD7120C18272}.Debug|Any CPU.Build.0 = Debug|Any CPU
		{CCE5CD1E-C0D4-4B08-B715-CD7120C18272}.Release|Any CPU.ActiveCfg = Release|Any CPU
		{CCE5CD1E-C0D4-4B08-B715-CD7120C18272}.Release|Any CPU.Build.0 = Release|Any CPU
	EndGlobalSection
	GlobalSection(SolutionProperties) = preSolution
		HideSolutionNode = FALSE
	EndGlobalSection
	GlobalSection(ExtensibilityGlobals) = postSolution
		SolutionGuid = {D5123FD5-310F-41B8-AAB0-BEB23601E017}
	EndGlobalSection
EndGlobal
